// !$*UTF8*$!
{
	archiveVersion = 1;
	classes = {
	};
	objectVersion = 50;
	objects = {

/* Begin PBXBuildFile section */
		42BFBA532525F5BE00EACE4A /* AppDelegate.swift in Sources */ = {isa = PBXBuildFile; fileRef = 42BFBA522525F5BE00EACE4A /* AppDelegate.swift */; };
		42BFBA552525F5BE00EACE4A /* SceneDelegate.swift in Sources */ = {isa = PBXBuildFile; fileRef = 42BFBA542525F5BE00EACE4A /* SceneDelegate.swift */; };
		42BFBA572525F5BE00EACE4A /* ViewController.swift in Sources */ = {isa = PBXBuildFile; fileRef = 42BFBA562525F5BE00EACE4A /* ViewController.swift */; };
		42BFBA5A2525F5BE00EACE4A /* Main.storyboard in Resources */ = {isa = PBXBuildFile; fileRef = 42BFBA582525F5BE00EACE4A /* Main.storyboard */; };
		42BFBA5C2525F5C100EACE4A /* Assets.xcassets in Resources */ = {isa = PBXBuildFile; fileRef = 42BFBA5B2525F5C100EACE4A /* Assets.xcassets */; };
		42BFBA5F2525F5C100EACE4A /* LaunchScreen.storyboard in Resources */ = {isa = PBXBuildFile; fileRef = 42BFBA5D2525F5C100EACE4A /* LaunchScreen.storyboard */; };
		42BFBA6A2525F5C200EACE4A /* Image_TemplateTests.swift in Sources */ = {isa = PBXBuildFile; fileRef = 42BFBA692525F5C200EACE4A /* Image_TemplateTests.swift */; };
		42BFBA752525F5C200EACE4A /* Image_TemplateUITests.swift in Sources */ = {isa = PBXBuildFile; fileRef = 42BFBA742525F5C200EACE4A /* Image_TemplateUITests.swift */; };
		42BFBA912525F75300EACE4A /* UIImageView_xts.swift in Sources */ = {isa = PBXBuildFile; fileRef = 42BFBA902525F75300EACE4A /* UIImageView_xts.swift */; };
/* End PBXBuildFile section */

/* Begin PBXContainerItemProxy section */
		42BFBA662525F5C200EACE4A /* PBXContainerItemProxy */ = {
			isa = PBXContainerItemProxy;
			containerPortal = 42BFBA472525F5BE00EACE4A /* Project object */;
			proxyType = 1;
			remoteGlobalIDString = 42BFBA4E2525F5BE00EACE4A;
			remoteInfo = Image_Template;
		};
		42BFBA712525F5C200EACE4A /* PBXContainerItemProxy */ = {
			isa = PBXContainerItemProxy;
			containerPortal = 42BFBA472525F5BE00EACE4A /* Project object */;
			proxyType = 1;
			remoteGlobalIDString = 42BFBA4E2525F5BE00EACE4A;
			remoteInfo = Image_Template;
		};
/* End PBXContainerItemProxy section */

/* Begin PBXFileReference section */
		42BFBA4F2525F5BE00EACE4A /* Image_Template.app */ = {isa = PBXFileReference; explicitFileType = wrapper.application; includeInIndex = 0; path = Image_Template.app; sourceTree = BUILT_PRODUCTS_DIR; };
		42BFBA522525F5BE00EACE4A /* AppDelegate.swift */ = {isa = PBXFileReference; lastKnownFileType = sourcecode.swift; path = AppDelegate.swift; sourceTree = "<group>"; };
		42BFBA542525F5BE00EACE4A /* SceneDelegate.swift */ = {isa = PBXFileReference; lastKnownFileType = sourcecode.swift; path = SceneDelegate.swift; sourceTree = "<group>"; };
		42BFBA562525F5BE00EACE4A /* ViewController.swift */ = {isa = PBXFileReference; lastKnownFileType = sourcecode.swift; path = ViewController.swift; sourceTree = "<group>"; };
		42BFBA592525F5BE00EACE4A /* Base */ = {isa = PBXFileReference; lastKnownFileType = file.storyboard; name = Base; path = Base.lproj/Main.storyboard; sourceTree = "<group>"; };
		42BFBA5B2525F5C100EACE4A /* Assets.xcassets */ = {isa = PBXFileReference; lastKnownFileType = folder.assetcatalog; path = Assets.xcassets; sourceTree = "<group>"; };
		42BFBA5E2525F5C100EACE4A /* Base */ = {isa = PBXFileReference; lastKnownFileType = file.storyboard; name = Base; path = Base.lproj/LaunchScreen.storyboard; sourceTree = "<group>"; };
		42BFBA602525F5C100EACE4A /* Info.plist */ = {isa = PBXFileReference; lastKnownFileType = text.plist.xml; path = Info.plist; sourceTree = "<group>"; };
		42BFBA652525F5C200EACE4A /* Image_TemplateTests.xctest */ = {isa = PBXFileReference; explicitFileType = wrapper.cfbundle; includeInIndex = 0; path = Image_TemplateTests.xctest; sourceTree = BUILT_PRODUCTS_DIR; };
		42BFBA692525F5C200EACE4A /* Image_TemplateTests.swift */ = {isa = PBXFileReference; lastKnownFileType = sourcecode.swift; path = Image_TemplateTests.swift; sourceTree = "<group>"; };
		42BFBA6B2525F5C200EACE4A /* Info.plist */ = {isa = PBXFileReference; lastKnownFileType = text.plist.xml; path = Info.plist; sourceTree = "<group>"; };
		42BFBA702525F5C200EACE4A /* Image_TemplateUITests.xctest */ = {isa = PBXFileReference; explicitFileType = wrapper.cfbundle; includeInIndex = 0; path = Image_TemplateUITests.xctest; sourceTree = BUILT_PRODUCTS_DIR; };
		42BFBA742525F5C200EACE4A /* Image_TemplateUITests.swift */ = {isa = PBXFileReference; lastKnownFileType = sourcecode.swift; path = Image_TemplateUITests.swift; sourceTree = "<group>"; };
		42BFBA762525F5C200EACE4A /* Info.plist */ = {isa = PBXFileReference; lastKnownFileType = text.plist.xml; path = Info.plist; sourceTree = "<group>"; };
		42BFBA902525F75300EACE4A /* UIImageView_xts.swift */ = {isa = PBXFileReference; lastKnownFileType = sourcecode.swift; path = UIImageView_xts.swift; sourceTree = "<group>"; };
/* End PBXFileReference section */

/* Begin PBXFrameworksBuildPhase section */
		42BFBA4C2525F5BE00EACE4A /* Frameworks */ = {
			isa = PBXFrameworksBuildPhase;
			buildActionMask = 2147483647;
			files = (
			);
			runOnlyForDeploymentPostprocessing = 0;
		};
		42BFBA622525F5C200EACE4A /* Frameworks */ = {
			isa = PBXFrameworksBuildPhase;
			buildActionMask = 2147483647;
			files = (
			);
			runOnlyForDeploymentPostprocessing = 0;
		};
		42BFBA6D2525F5C200EACE4A /* Frameworks */ = {
			isa = PBXFrameworksBuildPhase;
			buildActionMask = 2147483647;
			files = (
			);
			runOnlyForDeploymentPostprocessing = 0;
		};
/* End PBXFrameworksBuildPhase section */

/* Begin PBXGroup section */
		42BFBA462525F5BE00EACE4A = {
			isa = PBXGroup;
			children = (
				42BFBA512525F5BE00EACE4A /* Image_Template */,
				42BFBA682525F5C200EACE4A /* Image_TemplateTests */,
				42BFBA732525F5C200EACE4A /* Image_TemplateUITests */,
				42BFBA502525F5BE00EACE4A /* Products */,
			);
			sourceTree = "<group>";
		};
		42BFBA502525F5BE00EACE4A /* Products */ = {
			isa = PBXGroup;
			children = (
				42BFBA4F2525F5BE00EACE4A /* Image_Template.app */,
				42BFBA652525F5C200EACE4A /* Image_TemplateTests.xctest */,
				42BFBA702525F5C200EACE4A /* Image_TemplateUITests.xctest */,
			);
			name = Products;
			sourceTree = "<group>";
		};
		42BFBA512525F5BE00EACE4A /* Image_Template */ = {
			isa = PBXGroup;
			children = (
				42BFBA852525F5D100EACE4A /* Extensions */,
				42BFBA522525F5BE00EACE4A /* AppDelegate.swift */,
				42BFBA542525F5BE00EACE4A /* SceneDelegate.swift */,
				42BFBA562525F5BE00EACE4A /* ViewController.swift */,
				42BFBA582525F5BE00EACE4A /* Main.storyboard */,
				42BFBA5B2525F5C100EACE4A /* Assets.xcassets */,
				42BFBA5D2525F5C100EACE4A /* LaunchScreen.storyboard */,
				42BFBA602525F5C100EACE4A /* Info.plist */,
			);
			path = Image_Template;
			sourceTree = "<group>";
		};
		42BFBA682525F5C200EACE4A /* Image_TemplateTests */ = {
			isa = PBXGroup;
			children = (
				42BFBA692525F5C200EACE4A /* Image_TemplateTests.swift */,
				42BFBA6B2525F5C200EACE4A /* Info.plist */,
			);
			path = Image_TemplateTests;
			sourceTree = "<group>";
		};
		42BFBA732525F5C200EACE4A /* Image_TemplateUITests */ = {
			isa = PBXGroup;
			children = (
				42BFBA742525F5C200EACE4A /* Image_TemplateUITests.swift */,
				42BFBA762525F5C200EACE4A /* Info.plist */,
			);
			path = Image_TemplateUITests;
			sourceTree = "<group>";
		};
		42BFBA852525F5D100EACE4A /* Extensions */ = {
			isa = PBXGroup;
			children = (
				42BFBA902525F75300EACE4A /* UIImageView_xts.swift */,
			);
			path = Extensions;
			sourceTree = "<group>";
		};
/* End PBXGroup section */

/* Begin PBXNativeTarget section */
		42BFBA4E2525F5BE00EACE4A /* Image_Template */ = {
			isa = PBXNativeTarget;
			buildConfigurationList = 42BFBA792525F5C200EACE4A /* Build configuration list for PBXNativeTarget "Image_Template" */;
			buildPhases = (
				42BFBA4B2525F5BE00EACE4A /* Sources */,
				42BFBA4C2525F5BE00EACE4A /* Frameworks */,
				42BFBA4D2525F5BE00EACE4A /* Resources */,
			);
			buildRules = (
			);
			dependencies = (
			);
			name = Image_Template;
			productName = Image_Template;
			productReference = 42BFBA4F2525F5BE00EACE4A /* Image_Template.app */;
			productType = "com.apple.product-type.application";
		};
		42BFBA642525F5C200EACE4A /* Image_TemplateTests */ = {
			isa = PBXNativeTarget;
			buildConfigurationList = 42BFBA7C2525F5C200EACE4A /* Build configuration list for PBXNativeTarget "Image_TemplateTests" */;
			buildPhases = (
				42BFBA612525F5C200EACE4A /* Sources */,
				42BFBA622525F5C200EACE4A /* Frameworks */,
				42BFBA632525F5C200EACE4A /* Resources */,
			);
			buildRules = (
			);
			dependencies = (
				42BFBA672525F5C200EACE4A /* PBXTargetDependency */,
			);
			name = Image_TemplateTests;
			productName = Image_TemplateTests;
			productReference = 42BFBA652525F5C200EACE4A /* Image_TemplateTests.xctest */;
			productType = "com.apple.product-type.bundle.unit-test";
		};
		42BFBA6F2525F5C200EACE4A /* Image_TemplateUITests */ = {
			isa = PBXNativeTarget;
			buildConfigurationList = 42BFBA7F2525F5C200EACE4A /* Build configuration list for PBXNativeTarget "Image_TemplateUITests" */;
			buildPhases = (
				42BFBA6C2525F5C200EACE4A /* Sources */,
				42BFBA6D2525F5C200EACE4A /* Frameworks */,
				42BFBA6E2525F5C200EACE4A /* Resources */,
			);
			buildRules = (
			);
			dependencies = (
				42BFBA722525F5C200EACE4A /* PBXTargetDependency */,
			);
			name = Image_TemplateUITests;
			productName = Image_TemplateUITests;
			productReference = 42BFBA702525F5C200EACE4A /* Image_TemplateUITests.xctest */;
			productType = "com.apple.product-type.bundle.ui-testing";
		};
/* End PBXNativeTarget section */

/* Begin PBXProject section */
		42BFBA472525F5BE00EACE4A /* Project object */ = {
			isa = PBXProject;
			attributes = {
				LastSwiftUpdateCheck = 1200;
				LastUpgradeCheck = 1200;
				TargetAttributes = {
					42BFBA4E2525F5BE00EACE4A = {
						CreatedOnToolsVersion = 12.0.1;
					};
					42BFBA642525F5C200EACE4A = {
						CreatedOnToolsVersion = 12.0.1;
						TestTargetID = 42BFBA4E2525F5BE00EACE4A;
					};
					42BFBA6F2525F5C200EACE4A = {
						CreatedOnToolsVersion = 12.0.1;
						TestTargetID = 42BFBA4E2525F5BE00EACE4A;
					};
				};
			};
			buildConfigurationList = 42BFBA4A2525F5BE00EACE4A /* Build configuration list for PBXProject "Image_Template" */;
			compatibilityVersion = "Xcode 9.3";
			developmentRegion = en;
			hasScannedForEncodings = 0;
			knownRegions = (
				en,
				Base,
			);
			mainGroup = 42BFBA462525F5BE00EACE4A;
			productRefGroup = 42BFBA502525F5BE00EACE4A /* Products */;
			projectDirPath = "";
			projectRoot = "";
			targets = (
				42BFBA4E2525F5BE00EACE4A /* Image_Template */,
				42BFBA642525F5C200EACE4A /* Image_TemplateTests */,
				42BFBA6F2525F5C200EACE4A /* Image_TemplateUITests */,
			);
		};
/* End PBXProject section */

/* Begin PBXResourcesBuildPhase section */
		42BFBA4D2525F5BE00EACE4A /* Resources */ = {
			isa = PBXResourcesBuildPhase;
			buildActionMask = 2147483647;
			files = (
				42BFBA5F2525F5C100EACE4A /* LaunchScreen.storyboard in Resources */,
				42BFBA5C2525F5C100EACE4A /* Assets.xcassets in Resources */,
				42BFBA5A2525F5BE00EACE4A /* Main.storyboard in Resources */,
			);
			runOnlyForDeploymentPostprocessing = 0;
		};
		42BFBA632525F5C200EACE4A /* Resources */ = {
			isa = PBXResourcesBuildPhase;
			buildActionMask = 2147483647;
			files = (
			);
			runOnlyForDeploymentPostprocessing = 0;
		};
		42BFBA6E2525F5C200EACE4A /* Resources */ = {
			isa = PBXResourcesBuildPhase;
			buildActionMask = 2147483647;
			files = (
			);
			runOnlyForDeploymentPostprocessing = 0;
		};
/* End PBXResourcesBuildPhase section */

/* Begin PBXSourcesBuildPhase section */
		42BFBA4B2525F5BE00EACE4A /* Sources */ = {
			isa = PBXSourcesBuildPhase;
			buildActionMask = 2147483647;
			files = (
				42BFBA572525F5BE00EACE4A /* ViewController.swift in Sources */,
				42BFBA532525F5BE00EACE4A /* AppDelegate.swift in Sources */,
				42BFBA912525F75300EACE4A /* UIImageView_xts.swift in Sources */,
				42BFBA552525F5BE00EACE4A /* SceneDelegate.swift in Sources */,
			);
			runOnlyForDeploymentPostprocessing = 0;
		};
		42BFBA612525F5C200EACE4A /* Sources */ = {
			isa = PBXSourcesBuildPhase;
			buildActionMask = 2147483647;
			files = (
				42BFBA6A2525F5C200EACE4A /* Image_TemplateTests.swift in Sources */,
			);
			runOnlyForDeploymentPostprocessing = 0;
		};
		42BFBA6C2525F5C200EACE4A /* Sources */ = {
			isa = PBXSourcesBuildPhase;
			buildActionMask = 2147483647;
			files = (
				42BFBA752525F5C200EACE4A /* Image_TemplateUITests.swift in Sources */,
			);
			runOnlyForDeploymentPostprocessing = 0;
		};
/* End PBXSourcesBuildPhase section */

/* Begin PBXTargetDependency section */
		42BFBA672525F5C200EACE4A /* PBXTargetDependency */ = {
			isa = PBXTargetDependency;
			target = 42BFBA4E2525F5BE00EACE4A /* Image_Template */;
			targetProxy = 42BFBA662525F5C200EACE4A /* PBXContainerItemProxy */;
		};
		42BFBA722525F5C200EACE4A /* PBXTargetDependency */ = {
			isa = PBXTargetDependency;
			target = 42BFBA4E2525F5BE00EACE4A /* Image_Template */;
			targetProxy = 42BFBA712525F5C200EACE4A /* PBXContainerItemProxy */;
		};
/* End PBXTargetDependency section */

/* Begin PBXVariantGroup section */
		42BFBA582525F5BE00EACE4A /* Main.storyboard */ = {
			isa = PBXVariantGroup;
			children = (
				42BFBA592525F5BE00EACE4A /* Base */,
			);
			name = Main.storyboard;
			sourceTree = "<group>";
		};
		42BFBA5D2525F5C100EACE4A /* LaunchScreen.storyboard */ = {
			isa = PBXVariantGroup;
			children = (
				42BFBA5E2525F5C100EACE4A /* Base */,
			);
			name = LaunchScreen.storyboard;
			sourceTree = "<group>";
		};
/* End PBXVariantGroup section */

/* Begin XCBuildConfiguration section */
		42BFBA772525F5C200EACE4A /* Debug */ = {
			isa = XCBuildConfiguration;
			buildSettings = {
				ALWAYS_SEARCH_USER_PATHS = NO;
				CLANG_ANALYZER_NONNULL = YES;
				CLANG_ANALYZER_NUMBER_OBJECT_CONVERSION = YES_AGGRESSIVE;
				CLANG_CXX_LANGUAGE_STANDARD = "gnu++14";
				CLANG_CXX_LIBRARY = "libc++";
				CLANG_ENABLE_MODULES = YES;
				CLANG_ENABLE_OBJC_ARC = YES;
				CLANG_ENABLE_OBJC_WEAK = YES;
				CLANG_WARN_BLOCK_CAPTURE_AUTORELEASING = YES;
				CLANG_WARN_BOOL_CONVERSION = YES;
				CLANG_WARN_COMMA = YES;
				CLANG_WARN_CONSTANT_CONVERSION = YES;
				CLANG_WARN_DEPRECATED_OBJC_IMPLEMENTATIONS = YES;
				CLANG_WARN_DIRECT_OBJC_ISA_USAGE = YES_ERROR;
				CLANG_WARN_DOCUMENTATION_COMMENTS = YES;
				CLANG_WARN_EMPTY_BODY = YES;
				CLANG_WARN_ENUM_CONVERSION = YES;
				CLANG_WARN_INFINITE_RECURSION = YES;
				CLANG_WARN_INT_CONVERSION = YES;
				CLANG_WARN_NON_LITERAL_NULL_CONVERSION = YES;
				CLANG_WARN_OBJC_IMPLICIT_RETAIN_SELF = YES;
				CLANG_WARN_OBJC_LITERAL_CONVERSION = YES;
				CLANG_WARN_OBJC_ROOT_CLASS = YES_ERROR;
				CLANG_WARN_QUOTED_INCLUDE_IN_FRAMEWORK_HEADER = YES;
				CLANG_WARN_RANGE_LOOP_ANALYSIS = YES;
				CLANG_WARN_STRICT_PROTOTYPES = YES;
				CLANG_WARN_SUSPICIOUS_MOVE = YES;
				CLANG_WARN_UNGUARDED_AVAILABILITY = YES_AGGRESSIVE;
				CLANG_WARN_UNREACHABLE_CODE = YES;
				CLANG_WARN__DUPLICATE_METHOD_MATCH = YES;
				COPY_PHASE_STRIP = NO;
				DEBUG_INFORMATION_FORMAT = dwarf;
				ENABLE_STRICT_OBJC_MSGSEND = YES;
				ENABLE_TESTABILITY = YES;
				GCC_C_LANGUAGE_STANDARD = gnu11;
				GCC_DYNAMIC_NO_PIC = NO;
				GCC_NO_COMMON_BLOCKS = YES;
				GCC_OPTIMIZATION_LEVEL = 0;
				GCC_PREPROCESSOR_DEFINITIONS = (
					"DEBUG=1",
					"$(inherited)",
				);
				GCC_WARN_64_TO_32_BIT_CONVERSION = YES;
				GCC_WARN_ABOUT_RETURN_TYPE = YES_ERROR;
				GCC_WARN_UNDECLARED_SELECTOR = YES;
				GCC_WARN_UNINITIALIZED_AUTOS = YES_AGGRESSIVE;
				GCC_WARN_UNUSED_FUNCTION = YES;
				GCC_WARN_UNUSED_VARIABLE = YES;
				IPHONEOS_DEPLOYMENT_TARGET = 14.0;
				MTL_ENABLE_DEBUG_INFO = INCLUDE_SOURCE;
				MTL_FAST_MATH = YES;
				ONLY_ACTIVE_ARCH = YES;
				SDKROOT = iphoneos;
				SWIFT_ACTIVE_COMPILATION_CONDITIONS = DEBUG;
				SWIFT_OPTIMIZATION_LEVEL = "-Onone";
			};
			name = Debug;
		};
		42BFBA782525F5C200EACE4A /* Release */ = {
			isa = XCBuildConfiguration;
			buildSettings = {
				ALWAYS_SEARCH_USER_PATHS = NO;
				CLANG_ANALYZER_NONNULL = YES;
				CLANG_ANALYZER_NUMBER_OBJECT_CONVERSION = YES_AGGRESSIVE;
				CLANG_CXX_LANGUAGE_STANDARD = "gnu++14";
				CLANG_CXX_LIBRARY = "libc++";
				CLANG_ENABLE_MODULES = YES;
				CLANG_ENABLE_OBJC_ARC = YES;
				CLANG_ENABLE_OBJC_WEAK = YES;
				CLANG_WARN_BLOCK_CAPTURE_AUTORELEASING = YES;
				CLANG_WARN_BOOL_CONVERSION = YES;
				CLANG_WARN_COMMA = YES;
				CLANG_WARN_CONSTANT_CONVERSION = YES;
				CLANG_WARN_DEPRECATED_OBJC_IMPLEMENTATIONS = YES;
				CLANG_WARN_DIRECT_OBJC_ISA_USAGE = YES_ERROR;
				CLANG_WARN_DOCUMENTATION_COMMENTS = YES;
				CLANG_WARN_EMPTY_BODY = YES;
				CLANG_WARN_ENUM_CONVERSION = YES;
				CLANG_WARN_INFINITE_RECURSION = YES;
				CLANG_WARN_INT_CONVERSION = YES;
				CLANG_WARN_NON_LITERAL_NULL_CONVERSION = YES;
				CLANG_WARN_OBJC_IMPLICIT_RETAIN_SELF = YES;
				CLANG_WARN_OBJC_LITERAL_CONVERSION = YES;
				CLANG_WARN_OBJC_ROOT_CLASS = YES_ERROR;
				CLANG_WARN_QUOTED_INCLUDE_IN_FRAMEWORK_HEADER = YES;
				CLANG_WARN_RANGE_LOOP_ANALYSIS = YES;
				CLANG_WARN_STRICT_PROTOTYPES = YES;
				CLANG_WARN_SUSPICIOUS_MOVE = YES;
				CLANG_WARN_UNGUARDED_AVAILABILITY = YES_AGGRESSIVE;
				CLANG_WARN_UNREACHABLE_CODE = YES;
				CLANG_WARN__DUPLICATE_METHOD_MATCH = YES;
				COPY_PHASE_STRIP = NO;
				DEBUG_INFORMATION_FORMAT = "dwarf-with-dsym";
				ENABLE_NS_ASSERTIONS = NO;
				ENABLE_STRICT_OBJC_MSGSEND = YES;
				GCC_C_LANGUAGE_STANDARD = gnu11;
				GCC_NO_COMMON_BLOCKS = YES;
				GCC_WARN_64_TO_32_BIT_CONVERSION = YES;
				GCC_WARN_ABOUT_RETURN_TYPE = YES_ERROR;
				GCC_WARN_UNDECLARED_SELECTOR = YES;
				GCC_WARN_UNINITIALIZED_AUTOS = YES_AGGRESSIVE;
				GCC_WARN_UNUSED_FUNCTION = YES;
				GCC_WARN_UNUSED_VARIABLE = YES;
				IPHONEOS_DEPLOYMENT_TARGET = 14.0;
				MTL_ENABLE_DEBUG_INFO = NO;
				MTL_FAST_MATH = YES;
				SDKROOT = iphoneos;
				SWIFT_COMPILATION_MODE = wholemodule;
				SWIFT_OPTIMIZATION_LEVEL = "-O";
				VALIDATE_PRODUCT = YES;
			};
			name = Release;
		};
		42BFBA7A2525F5C200EACE4A /* Debug */ = {
			isa = XCBuildConfiguration;
			buildSettings = {
				ASSETCATALOG_COMPILER_APPICON_NAME = AppIcon;
				ASSETCATALOG_COMPILER_GLOBAL_ACCENT_COLOR_NAME = AccentColor;
				CODE_SIGN_STYLE = Automatic;
				DEVELOPMENT_TEAM = NES4E5L6E8;
				INFOPLIST_FILE = Image_Template/Info.plist;
				LD_RUNPATH_SEARCH_PATHS = (
					"$(inherited)",
					"@executable_path/Frameworks",
				);
				PRODUCT_BUNDLE_IDENTIFIER = "software.ridiculous.Image-Template";
				PRODUCT_NAME = "$(TARGET_NAME)";
				SWIFT_VERSION = 5.0;
				TARGETED_DEVICE_FAMILY = 1;
			};
			name = Debug;
		};
		42BFBA7B2525F5C200EACE4A /* Release */ = {
			isa = XCBuildConfiguration;
			buildSettings = {
				ASSETCATALOG_COMPILER_APPICON_NAME = AppIcon;
				ASSETCATALOG_COMPILER_GLOBAL_ACCENT_COLOR_NAME = AccentColor;
				CODE_SIGN_STYLE = Automatic;
				DEVELOPMENT_TEAM = NES4E5L6E8;
				INFOPLIST_FILE = Image_Template/Info.plist;
				LD_RUNPATH_SEARCH_PATHS = (
					"$(inherited)",
					"@executable_path/Frameworks",
				);
				PRODUCT_BUNDLE_IDENTIFIER = "software.ridiculous.Image-Template";
				PRODUCT_NAME = "$(TARGET_NAME)";
				SWIFT_VERSION = 5.0;
				TARGETED_DEVICE_FAMILY = 1;
			};
			name = Release;
		};
		42BFBA7D2525F5C200EACE4A /* Debug */ = {
			isa = XCBuildConfiguration;
			buildSettings = {
				ALWAYS_EMBED_SWIFT_STANDARD_LIBRARIES = YES;
				BUNDLE_LOADER = "$(TEST_HOST)";
				CODE_SIGN_STYLE = Automatic;
				DEVELOPMENT_TEAM = NES4E5L6E8;
				INFOPLIST_FILE = Image_TemplateTests/Info.plist;
				IPHONEOS_DEPLOYMENT_TARGET = 14.0;
				LD_RUNPATH_SEARCH_PATHS = (
					"$(inherited)",
					"@executable_path/Frameworks",
					"@loader_path/Frameworks",
				);
				PRODUCT_BUNDLE_IDENTIFIER = "software.ridiculous.Image-TemplateTests";
				PRODUCT_NAME = "$(TARGET_NAME)";
				SWIFT_VERSION = 5.0;
				TARGETED_DEVICE_FAMILY = "1,2";
				TEST_HOST = "$(BUILT_PRODUCTS_DIR)/Image_Template.app/Image_Template";
			};
			name = Debug;
		};
		42BFBA7E2525F5C200EACE4A /* Release */ = {
			isa = XCBuildConfiguration;
			buildSettings = {
				ALWAYS_EMBED_SWIFT_STANDARD_LIBRARIES = YES;
				BUNDLE_LOADER = "$(TEST_HOST)";
				CODE_SIGN_STYLE = Automatic;
				DEVELOPMENT_TEAM = NES4E5L6E8;
				INFOPLIST_FILE = Image_TemplateTests/Info.plist;
				IPHONEOS_DEPLOYMENT_TARGET = 14.0;
				LD_RUNPATH_SEARCH_PATHS = (
					"$(inherited)",
					"@executable_path/Frameworks",
					"@loader_path/Frameworks",
				);
				PRODUCT_BUNDLE_IDENTIFIER = "software.ridiculous.Image-TemplateTests";
				PRODUCT_NAME = "$(TARGET_NAME)";
				SWIFT_VERSION = 5.0;
				TARGETED_DEVICE_FAMILY = "1,2";
				TEST_HOST = "$(BUILT_PRODUCTS_DIR)/Image_Template.app/Image_Template";
			};
			name = Release;
		};
		42BFBA802525F5C200EACE4A /* Debug */ = {
			isa = XCBuildConfiguration;
			buildSettings = {
				ALWAYS_EMBED_SWIFT_STANDARD_LIBRARIES = YES;
				CODE_SIGN_STYLE = Automatic;
				DEVELOPMENT_TEAM = NES4E5L6E8;
				INFOPLIST_FILE = Image_TemplateUITests/Info.plist;
				LD_RUNPATH_SEARCH_PATHS = (
					"$(inherited)",
					"@executable_path/Frameworks",
					"@loader_path/Frameworks",
				);
				PRODUCT_BUNDLE_IDENTIFIER = "software.ridiculous.Image-TemplateUITests";
				PRODUCT_NAME = "$(TARGET_NAME)";
				SWIFT_VERSION = 5.0;
				TARGETED_DEVICE_FAMILY = "1,2";
				TEST_TARGET_NAME = Image_Template;
			};
			name = Debug;
		};
		42BFBA812525F5C200EACE4A /* Release */ = {
			isa = XCBuildConfiguration;
			buildSettings = {
				ALWAYS_EMBED_SWIFT_STANDARD_LIBRARIES = YES;
				CODE_SIGN_STYLE = Automatic;
				DEVELOPMENT_TEAM = NES4E5L6E8;
				INFOPLIST_FILE = Image_TemplateUITests/Info.plist;
				LD_RUNPATH_SEARCH_PATHS = (
					"$(inherited)",
					"@executable_path/Frameworks",
					"@loader_path/Frameworks",
				);
				PRODUCT_BUNDLE_IDENTIFIER = "software.ridiculous.Image-TemplateUITests";
				PRODUCT_NAME = "$(TARGET_NAME)";
				SWIFT_VERSION = 5.0;
				TARGETED_DEVICE_FAMILY = "1,2";
				TEST_TARGET_NAME = Image_Template;
			};
			name = Release;
		};
/* End XCBuildConfiguration section */

/* Begin XCConfigurationList section */
		42BFBA4A2525F5BE00EACE4A /* Build configuration list for PBXProject "Image_Template" */ = {
			isa = XCConfigurationList;
			buildConfigurations = (
				42BFBA772525F5C200EACE4A /* Debug */,
				42BFBA782525F5C200EACE4A /* Release */,
			);
			defaultConfigurationIsVisible = 0;
			defaultConfigurationName = Release;
		};
		42BFBA792525F5C200EACE4A /* Build configuration list for PBXNativeTarget "Image_Template" */ = {
			isa = XCConfigurationList;
			buildConfigurations = (
				42BFBA7A2525F5C200EACE4A /* Debug */,
				42BFBA7B2525F5C200EACE4A /* Release */,
			);
			defaultConfigurationIsVisible = 0;
			defaultConfigurationName = Release;
		};
		42BFBA7C2525F5C200EACE4A /* Build configuration list for PBXNativeTarget "Image_TemplateTests" */ = {
			isa = XCConfigurationList;
			buildConfigurations = (
				42BFBA7D2525F5C200EACE4A /* Debug */,
				42BFBA7E2525F5C200EACE4A /* Release */,
			);
			defaultConfigurationIsVisible = 0;
			defaultConfigurationName = Release;
		};
		42BFBA7F2525F5C200EACE4A /* Build configuration list for PBXNativeTarget "Image_TemplateUITests" */ = {
			isa = XCConfigurationList;
			buildConfigurations = (
				42BFBA802525F5C200EACE4A /* Debug */,
				42BFBA812525F5C200EACE4A /* Release */,
			);
			defaultConfigurationIsVisible = 0;
			defaultConfigurationName = Release;
		};
/* End XCConfigurationList section */
	};
	rootObject = 42BFBA472525F5BE00EACE4A /* Project object */;
}
